// !$*UTF8*$!
{
	archiveVersion = 1;
	classes = {
	};
	objectVersion = 50;
	objects = {

/* Begin PBXBuildFile section */
		93B7465BDB0266AC5E092F08 /* Pods_GameOfChats.framework in Frameworks */ = {isa = PBXBuildFile; fileRef = 721FBBCEC63050FD38568734 /* Pods_GameOfChats.framework */; };
		E119CC0021B7066200BC79AD /* LoginViewController.swift in Sources */ = {isa = PBXBuildFile; fileRef = E119CBFF21B7066200BC79AD /* LoginViewController.swift */; };
		E119CC0221B72B9500BC79AD /* GoogleService-Info.plist in Resources */ = {isa = PBXBuildFile; fileRef = E119CC0121B72B9500BC79AD /* GoogleService-Info.plist */; };
		E119CC0521B8052700BC79AD /* LoginRegisterView.swift in Sources */ = {isa = PBXBuildFile; fileRef = E119CC0421B8052700BC79AD /* LoginRegisterView.swift */; };
		E119CC0821B80B3C00BC79AD /* UIColorExtension.swift in Sources */ = {isa = PBXBuildFile; fileRef = E119CC0721B80B3C00BC79AD /* UIColorExtension.swift */; };
		E119CC0B21B832A600BC79AD /* UserController.swift in Sources */ = {isa = PBXBuildFile; fileRef = E119CC0A21B832A600BC79AD /* UserController.swift */; };
		E119CC0D21B83AB300BC79AD /* NewMessageTableViewController.swift in Sources */ = {isa = PBXBuildFile; fileRef = E119CC0C21B83AB300BC79AD /* NewMessageTableViewController.swift */; };
		E119CC1021B8423B00BC79AD /* User.swift in Sources */ = {isa = PBXBuildFile; fileRef = E119CC0F21B8423B00BC79AD /* User.swift */; };
		E119CC1221B8489E00BC79AD /* UserTableViewCell.swift in Sources */ = {isa = PBXBuildFile; fileRef = E119CC1121B8489E00BC79AD /* UserTableViewCell.swift */; };
		E119CC1421B9C35800BC79AD /* UIImageViewExtension.swift in Sources */ = {isa = PBXBuildFile; fileRef = E119CC1321B9C35800BC79AD /* UIImageViewExtension.swift */; };
		E1E46FE321B70116007776D6 /* AppDelegate.swift in Sources */ = {isa = PBXBuildFile; fileRef = E1E46FE221B70116007776D6 /* AppDelegate.swift */; };
		E1E46FE521B70116007776D6 /* MessagesController.swift in Sources */ = {isa = PBXBuildFile; fileRef = E1E46FE421B70116007776D6 /* MessagesController.swift */; };
		E1E46FE821B70116007776D6 /* Main.storyboard in Resources */ = {isa = PBXBuildFile; fileRef = E1E46FE621B70116007776D6 /* Main.storyboard */; };
		E1E46FEA21B7013F007776D6 /* Assets.xcassets in Resources */ = {isa = PBXBuildFile; fileRef = E1E46FE921B7013F007776D6 /* Assets.xcassets */; };
		E1E46FED21B7013F007776D6 /* LaunchScreen.storyboard in Resources */ = {isa = PBXBuildFile; fileRef = E1E46FEB21B7013F007776D6 /* LaunchScreen.storyboard */; };
/* End PBXBuildFile section */

/* Begin PBXFileReference section */
		721FBBCEC63050FD38568734 /* Pods_GameOfChats.framework */ = {isa = PBXFileReference; explicitFileType = wrapper.framework; includeInIndex = 0; path = Pods_GameOfChats.framework; sourceTree = BUILT_PRODUCTS_DIR; };
		72E06C41C8F5D67A2C76A7AC /* Pods-GameOfChats.debug.xcconfig */ = {isa = PBXFileReference; includeInIndex = 1; lastKnownFileType = text.xcconfig; name = "Pods-GameOfChats.debug.xcconfig"; path = "Pods/Target Support Files/Pods-GameOfChats/Pods-GameOfChats.debug.xcconfig"; sourceTree = "<group>"; };
		E119CBFF21B7066200BC79AD /* LoginViewController.swift */ = {isa = PBXFileReference; lastKnownFileType = sourcecode.swift; path = LoginViewController.swift; sourceTree = "<group>"; };
		E119CC0121B72B9500BC79AD /* GoogleService-Info.plist */ = {isa = PBXFileReference; fileEncoding = 4; lastKnownFileType = text.plist.xml; path = "GoogleService-Info.plist"; sourceTree = "<group>"; };
		E119CC0421B8052700BC79AD /* LoginRegisterView.swift */ = {isa = PBXFileReference; lastKnownFileType = sourcecode.swift; path = LoginRegisterView.swift; sourceTree = "<group>"; };
		E119CC0721B80B3C00BC79AD /* UIColorExtension.swift */ = {isa = PBXFileReference; lastKnownFileType = sourcecode.swift; path = UIColorExtension.swift; sourceTree = "<group>"; };
		E119CC0A21B832A600BC79AD /* UserController.swift */ = {isa = PBXFileReference; lastKnownFileType = sourcecode.swift; path = UserController.swift; sourceTree = "<group>"; };
		E119CC0C21B83AB300BC79AD /* NewMessageTableViewController.swift */ = {isa = PBXFileReference; lastKnownFileType = sourcecode.swift; path = NewMessageTableViewController.swift; sourceTree = "<group>"; };
		E119CC0F21B8423B00BC79AD /* User.swift */ = {isa = PBXFileReference; lastKnownFileType = sourcecode.swift; path = User.swift; sourceTree = "<group>"; };
		E119CC1121B8489E00BC79AD /* UserTableViewCell.swift */ = {isa = PBXFileReference; lastKnownFileType = sourcecode.swift; path = UserTableViewCell.swift; sourceTree = "<group>"; };
		E119CC1321B9C35800BC79AD /* UIImageViewExtension.swift */ = {isa = PBXFileReference; lastKnownFileType = sourcecode.swift; path = UIImageViewExtension.swift; sourceTree = "<group>"; };
		E1E46FDF21B70116007776D6 /* GameOfChats.app */ = {isa = PBXFileReference; explicitFileType = wrapper.application; includeInIndex = 0; path = GameOfChats.app; sourceTree = BUILT_PRODUCTS_DIR; };
		E1E46FE221B70116007776D6 /* AppDelegate.swift */ = {isa = PBXFileReference; lastKnownFileType = sourcecode.swift; path = AppDelegate.swift; sourceTree = "<group>"; };
		E1E46FE421B70116007776D6 /* MessagesController.swift */ = {isa = PBXFileReference; lastKnownFileType = sourcecode.swift; path = MessagesController.swift; sourceTree = "<group>"; };
		E1E46FE721B70116007776D6 /* Base */ = {isa = PBXFileReference; lastKnownFileType = file.storyboard; name = Base; path = Base.lproj/Main.storyboard; sourceTree = "<group>"; };
		E1E46FE921B7013F007776D6 /* Assets.xcassets */ = {isa = PBXFileReference; lastKnownFileType = folder.assetcatalog; path = Assets.xcassets; sourceTree = "<group>"; };
		E1E46FEC21B7013F007776D6 /* Base */ = {isa = PBXFileReference; lastKnownFileType = file.storyboard; name = Base; path = Base.lproj/LaunchScreen.storyboard; sourceTree = "<group>"; };
		E1E46FEE21B7013F007776D6 /* Info.plist */ = {isa = PBXFileReference; lastKnownFileType = text.plist.xml; path = Info.plist; sourceTree = "<group>"; };
		E50DA8C62A40D1B24FA71B2C /* Pods-GameOfChats.release.xcconfig */ = {isa = PBXFileReference; includeInIndex = 1; lastKnownFileType = text.xcconfig; name = "Pods-GameOfChats.release.xcconfig"; path = "Pods/Target Support Files/Pods-GameOfChats/Pods-GameOfChats.release.xcconfig"; sourceTree = "<group>"; };
/* End PBXFileReference section */

/* Begin PBXFrameworksBuildPhase section */
		E1E46FDC21B70116007776D6 /* Frameworks */ = {
			isa = PBXFrameworksBuildPhase;
			buildActionMask = 2147483647;
			files = (
				93B7465BDB0266AC5E092F08 /* Pods_GameOfChats.framework in Frameworks */,
			);
			runOnlyForDeploymentPostprocessing = 0;
		};
/* End PBXFrameworksBuildPhase section */

/* Begin PBXGroup section */
		1602AF5024C6B0D6ACFACEBE /* Frameworks */ = {
			isa = PBXGroup;
			children = (
				721FBBCEC63050FD38568734 /* Pods_GameOfChats.framework */,
			);
			name = Frameworks;
			sourceTree = "<group>";
		};
		21FAA32C86436E2CB1C29EA8 /* Pods */ = {
			isa = PBXGroup;
			children = (
				72E06C41C8F5D67A2C76A7AC /* Pods-GameOfChats.debug.xcconfig */,
				E50DA8C62A40D1B24FA71B2C /* Pods-GameOfChats.release.xcconfig */,
			);
			name = Pods;
			sourceTree = "<group>";
		};
		E119CBFE21B7060300BC79AD /* View Controllers */ = {
			isa = PBXGroup;
			children = (
				E119CBFF21B7066200BC79AD /* LoginViewController.swift */,
				E1E46FE421B70116007776D6 /* MessagesController.swift */,
				E119CC0C21B83AB300BC79AD /* NewMessageTableViewController.swift */,
			);
			path = "View Controllers";
			sourceTree = "<group>";
		};
		E119CC0321B802C000BC79AD /* Views */ = {
			isa = PBXGroup;
			children = (
				E119CC0421B8052700BC79AD /* LoginRegisterView.swift */,
				E119CC1121B8489E00BC79AD /* UserTableViewCell.swift */,
			);
			path = Views;
			sourceTree = "<group>";
		};
		E119CC0621B80B1D00BC79AD /* Extensions */ = {
			isa = PBXGroup;
			children = (
				E119CC0721B80B3C00BC79AD /* UIColorExtension.swift */,
				E119CC1321B9C35800BC79AD /* UIImageViewExtension.swift */,
			);
			path = Extensions;
			sourceTree = "<group>";
		};
		E119CC0921B82EE100BC79AD /* Model Controllers */ = {
			isa = PBXGroup;
			children = (
				E119CC0A21B832A600BC79AD /* UserController.swift */,
			);
			path = "Model Controllers";
			sourceTree = "<group>";
		};
		E119CC0E21B8421D00BC79AD /* Model */ = {
			isa = PBXGroup;
			children = (
				E119CC0F21B8423B00BC79AD /* User.swift */,
			);
			path = Model;
			sourceTree = "<group>";
		};
		E1E46FD621B70116007776D6 = {
			isa = PBXGroup;
			children = (
				E1E46FE121B70116007776D6 /* GameOfChats */,
				E1E46FE021B70116007776D6 /* Products */,
				21FAA32C86436E2CB1C29EA8 /* Pods */,
				1602AF5024C6B0D6ACFACEBE /* Frameworks */,
			);
			sourceTree = "<group>";
			usesTabs = 1;
		};
		E1E46FE021B70116007776D6 /* Products */ = {
			isa = PBXGroup;
			children = (
				E1E46FDF21B70116007776D6 /* GameOfChats.app */,
			);
			name = Products;
			sourceTree = "<group>";
		};
		E1E46FE121B70116007776D6 /* GameOfChats */ = {
			isa = PBXGroup;
			children = (
				E119CC0E21B8421D00BC79AD /* Model */,
				E119CC0921B82EE100BC79AD /* Model Controllers */,
				E119CC0621B80B1D00BC79AD /* Extensions */,
				E119CC0321B802C000BC79AD /* Views */,
				E119CBFE21B7060300BC79AD /* View Controllers */,
				E1E46FE221B70116007776D6 /* AppDelegate.swift */,
				E1E46FE621B70116007776D6 /* Main.storyboard */,
				E1E46FE921B7013F007776D6 /* Assets.xcassets */,
				E1E46FEB21B7013F007776D6 /* LaunchScreen.storyboard */,
				E1E46FEE21B7013F007776D6 /* Info.plist */,
				E119CC0121B72B9500BC79AD /* GoogleService-Info.plist */,
			);
			path = GameOfChats;
			sourceTree = "<group>";
		};
/* End PBXGroup section */

/* Begin PBXNativeTarget section */
		E1E46FDE21B70116007776D6 /* GameOfChats */ = {
			isa = PBXNativeTarget;
			buildConfigurationList = E1E46FF121B7013F007776D6 /* Build configuration list for PBXNativeTarget "GameOfChats" */;
			buildPhases = (
				2650A2719DC48265A0557BAA /* [CP] Check Pods Manifest.lock */,
				E1E46FDB21B70116007776D6 /* Sources */,
				E1E46FDC21B70116007776D6 /* Frameworks */,
				E1E46FDD21B70116007776D6 /* Resources */,
				282A1DCDFDF30A456133C2DA /* [CP] Embed Pods Frameworks */,
			);
			buildRules = (
			);
			dependencies = (
			);
			name = GameOfChats;
			productName = GameOfChats;
			productReference = E1E46FDF21B70116007776D6 /* GameOfChats.app */;
			productType = "com.apple.product-type.application";
		};
/* End PBXNativeTarget section */

/* Begin PBXProject section */
		E1E46FD721B70116007776D6 /* Project object */ = {
			isa = PBXProject;
			attributes = {
				LastSwiftUpdateCheck = 1010;
				LastUpgradeCheck = 1010;
				ORGANIZATIONNAME = Mejia;
				TargetAttributes = {
					E1E46FDE21B70116007776D6 = {
						CreatedOnToolsVersion = 10.1;
					};
				};
			};
			buildConfigurationList = E1E46FDA21B70116007776D6 /* Build configuration list for PBXProject "GameOfChats" */;
			compatibilityVersion = "Xcode 9.3";
			developmentRegion = en;
			hasScannedForEncodings = 0;
			knownRegions = (
				en,
				Base,
			);
			mainGroup = E1E46FD621B70116007776D6;
			productRefGroup = E1E46FE021B70116007776D6 /* Products */;
			projectDirPath = "";
			projectRoot = "";
			targets = (
				E1E46FDE21B70116007776D6 /* GameOfChats */,
			);
		};
/* End PBXProject section */

/* Begin PBXResourcesBuildPhase section */
		E1E46FDD21B70116007776D6 /* Resources */ = {
			isa = PBXResourcesBuildPhase;
			buildActionMask = 2147483647;
			files = (
				E1E46FED21B7013F007776D6 /* LaunchScreen.storyboard in Resources */,
				E119CC0221B72B9500BC79AD /* GoogleService-Info.plist in Resources */,
				E1E46FEA21B7013F007776D6 /* Assets.xcassets in Resources */,
				E1E46FE821B70116007776D6 /* Main.storyboard in Resources */,
			);
			runOnlyForDeploymentPostprocessing = 0;
		};
/* End PBXResourcesBuildPhase section */

/* Begin PBXShellScriptBuildPhase section */
		2650A2719DC48265A0557BAA /* [CP] Check Pods Manifest.lock */ = {
			isa = PBXShellScriptBuildPhase;
			buildActionMask = 2147483647;
			files = (
			);
			inputFileListPaths = (
			);
			inputPaths = (
				"${PODS_PODFILE_DIR_PATH}/Podfile.lock",
				"${PODS_ROOT}/Manifest.lock",
			);
			name = "[CP] Check Pods Manifest.lock";
			outputFileListPaths = (
			);
			outputPaths = (
				"$(DERIVED_FILE_DIR)/Pods-GameOfChats-checkManifestLockResult.txt",
			);
			runOnlyForDeploymentPostprocessing = 0;
			shellPath = /bin/sh;
			shellScript = "diff \"${PODS_PODFILE_DIR_PATH}/Podfile.lock\" \"${PODS_ROOT}/Manifest.lock\" > /dev/null\nif [ $? != 0 ] ; then\n    # print error to STDERR\n    echo \"error: The sandbox is not in sync with the Podfile.lock. Run 'pod install' or update your CocoaPods installation.\" >&2\n    exit 1\nfi\n# This output is used by Xcode 'outputs' to avoid re-running this script phase.\necho \"SUCCESS\" > \"${SCRIPT_OUTPUT_FILE_0}\"\n";
			showEnvVarsInLog = 0;
		};
		282A1DCDFDF30A456133C2DA /* [CP] Embed Pods Frameworks */ = {
			isa = PBXShellScriptBuildPhase;
			buildActionMask = 2147483647;
			files = (
			);
			inputFileListPaths = (
			);
			inputPaths = (
				"${SRCROOT}/Pods/Target Support Files/Pods-GameOfChats/Pods-GameOfChats-frameworks.sh",
				"${BUILT_PRODUCTS_DIR}/GTMSessionFetcher/GTMSessionFetcher.framework",
				"${BUILT_PRODUCTS_DIR}/GoogleUtilities/GoogleUtilities.framework",
				"${BUILT_PRODUCTS_DIR}/leveldb-library/leveldb.framework",
				"${BUILT_PRODUCTS_DIR}/nanopb/nanopb.framework",
			);
			name = "[CP] Embed Pods Frameworks";
			outputFileListPaths = (
			);
			outputPaths = (
				"${TARGET_BUILD_DIR}/${FRAMEWORKS_FOLDER_PATH}/GTMSessionFetcher.framework",
				"${TARGET_BUILD_DIR}/${FRAMEWORKS_FOLDER_PATH}/GoogleUtilities.framework",
				"${TARGET_BUILD_DIR}/${FRAMEWORKS_FOLDER_PATH}/leveldb.framework",
				"${TARGET_BUILD_DIR}/${FRAMEWORKS_FOLDER_PATH}/nanopb.framework",
			);
			runOnlyForDeploymentPostprocessing = 0;
			shellPath = /bin/sh;
			shellScript = "\"${SRCROOT}/Pods/Target Support Files/Pods-GameOfChats/Pods-GameOfChats-frameworks.sh\"\n";
			showEnvVarsInLog = 0;
		};
/* End PBXShellScriptBuildPhase section */

/* Begin PBXSourcesBuildPhase section */
		E1E46FDB21B70116007776D6 /* Sources */ = {
			isa = PBXSourcesBuildPhase;
			buildActionMask = 2147483647;
			files = (
				E119CC1421B9C35800BC79AD /* UIImageViewExtension.swift in Sources */,
				E119CC0B21B832A600BC79AD /* UserController.swift in Sources */,
				E119CC0D21B83AB300BC79AD /* NewMessageTableViewController.swift in Sources */,
				E119CC0021B7066200BC79AD /* LoginViewController.swift in Sources */,
				E1E46FE521B70116007776D6 /* MessagesController.swift in Sources */,
				E119CC1021B8423B00BC79AD /* User.swift in Sources */,
				E119CC0821B80B3C00BC79AD /* UIColorExtension.swift in Sources */,
				E119CC1221B8489E00BC79AD /* UserTableViewCell.swift in Sources */,
				E1E46FE321B70116007776D6 /* AppDelegate.swift in Sources */,
				E119CC0521B8052700BC79AD /* LoginRegisterView.swift in Sources */,
			);
			runOnlyForDeploymentPostprocessing = 0;
		};
/* End PBXSourcesBuildPhase section */

/* Begin PBXVariantGroup section */
		E1E46FE621B70116007776D6 /* Main.storyboard */ = {
			isa = PBXVariantGroup;
			children = (
				E1E46FE721B70116007776D6 /* Base */,
			);
			name = Main.storyboard;
			sourceTree = "<group>";
		};
		E1E46FEB21B7013F007776D6 /* LaunchScreen.storyboard */ = {
			isa = PBXVariantGroup;
			children = (
				E1E46FEC21B7013F007776D6 /* Base */,
			);
			name = LaunchScreen.storyboard;
			sourceTree = "<group>";
		};
/* End PBXVariantGroup section */

/* Begin XCBuildConfiguration section */
		E1E46FEF21B7013F007776D6 /* Debug */ = {
			isa = XCBuildConfiguration;
			buildSettings = {
				ALWAYS_SEARCH_USER_PATHS = NO;
				CLANG_ANALYZER_NONNULL = YES;
				CLANG_ANALYZER_NUMBER_OBJECT_CONVERSION = YES_AGGRESSIVE;
				CLANG_CXX_LANGUAGE_STANDARD = "gnu++14";
				CLANG_CXX_LIBRARY = "libc++";
				CLANG_ENABLE_MODULES = YES;
				CLANG_ENABLE_OBJC_ARC = YES;
				CLANG_ENABLE_OBJC_WEAK = YES;
				CLANG_WARN_BLOCK_CAPTURE_AUTORELEASING = YES;
				CLANG_WARN_BOOL_CONVERSION = YES;
				CLANG_WARN_COMMA = YES;
				CLANG_WARN_CONSTANT_CONVERSION = YES;
				CLANG_WARN_DEPRECATED_OBJC_IMPLEMENTATIONS = YES;
				CLANG_WARN_DIRECT_OBJC_ISA_USAGE = YES_ERROR;
				CLANG_WARN_DOCUMENTATION_COMMENTS = YES;
				CLANG_WARN_EMPTY_BODY = YES;
				CLANG_WARN_ENUM_CONVERSION = YES;
				CLANG_WARN_INFINITE_RECURSION = YES;
				CLANG_WARN_INT_CONVERSION = YES;
				CLANG_WARN_NON_LITERAL_NULL_CONVERSION = YES;
				CLANG_WARN_OBJC_IMPLICIT_RETAIN_SELF = YES;
				CLANG_WARN_OBJC_LITERAL_CONVERSION = YES;
				CLANG_WARN_OBJC_ROOT_CLASS = YES_ERROR;
				CLANG_WARN_RANGE_LOOP_ANALYSIS = YES;
				CLANG_WARN_STRICT_PROTOTYPES = YES;
				CLANG_WARN_SUSPICIOUS_MOVE = YES;
				CLANG_WARN_UNGUARDED_AVAILABILITY = YES_AGGRESSIVE;
				CLANG_WARN_UNREACHABLE_CODE = YES;
				CLANG_WARN__DUPLICATE_METHOD_MATCH = YES;
				CODE_SIGN_IDENTITY = "iPhone Developer";
				COPY_PHASE_STRIP = NO;
				DEBUG_INFORMATION_FORMAT = dwarf;
				ENABLE_STRICT_OBJC_MSGSEND = YES;
				ENABLE_TESTABILITY = YES;
				GCC_C_LANGUAGE_STANDARD = gnu11;
				GCC_DYNAMIC_NO_PIC = NO;
				GCC_NO_COMMON_BLOCKS = YES;
				GCC_OPTIMIZATION_LEVEL = 0;
				GCC_PREPROCESSOR_DEFINITIONS = (
					"DEBUG=1",
					"$(inherited)",
				);
				GCC_WARN_64_TO_32_BIT_CONVERSION = YES;
				GCC_WARN_ABOUT_RETURN_TYPE = YES_ERROR;
				GCC_WARN_UNDECLARED_SELECTOR = YES;
				GCC_WARN_UNINITIALIZED_AUTOS = YES_AGGRESSIVE;
				GCC_WARN_UNUSED_FUNCTION = YES;
				GCC_WARN_UNUSED_VARIABLE = YES;
				IPHONEOS_DEPLOYMENT_TARGET = 12.1;
				MTL_ENABLE_DEBUG_INFO = INCLUDE_SOURCE;
				MTL_FAST_MATH = YES;
				ONLY_ACTIVE_ARCH = YES;
				SDKROOT = iphoneos;
				SWIFT_ACTIVE_COMPILATION_CONDITIONS = DEBUG;
				SWIFT_OPTIMIZATION_LEVEL = "-Onone";
			};
			name = Debug;
		};
		E1E46FF021B7013F007776D6 /* Release */ = {
			isa = XCBuildConfiguration;
			buildSettings = {
				ALWAYS_SEARCH_USER_PATHS = NO;
				CLANG_ANALYZER_NONNULL = YES;
				CLANG_ANALYZER_NUMBER_OBJECT_CONVERSION = YES_AGGRESSIVE;
				CLANG_CXX_LANGUAGE_STANDARD = "gnu++14";
				CLANG_CXX_LIBRARY = "libc++";
				CLANG_ENABLE_MODULES = YES;
				CLANG_ENABLE_OBJC_ARC = YES;
				CLANG_ENABLE_OBJC_WEAK = YES;
				CLANG_WARN_BLOCK_CAPTURE_AUTORELEASING = YES;
				CLANG_WARN_BOOL_CONVERSION = YES;
				CLANG_WARN_COMMA = YES;
				CLANG_WARN_CONSTANT_CONVERSION = YES;
				CLANG_WARN_DEPRECATED_OBJC_IMPLEMENTATIONS = YES;
				CLANG_WARN_DIRECT_OBJC_ISA_USAGE = YES_ERROR;
				CLANG_WARN_DOCUMENTATION_COMMENTS = YES;
				CLANG_WARN_EMPTY_BODY = YES;
				CLANG_WARN_ENUM_CONVERSION = YES;
				CLANG_WARN_INFINITE_RECURSION = YES;
				CLANG_WARN_INT_CONVERSION = YES;
				CLANG_WARN_NON_LITERAL_NULL_CONVERSION = YES;
				CLANG_WARN_OBJC_IMPLICIT_RETAIN_SELF = YES;
				CLANG_WARN_OBJC_LITERAL_CONVERSION = YES;
				CLANG_WARN_OBJC_ROOT_CLASS = YES_ERROR;
				CLANG_WARN_RANGE_LOOP_ANALYSIS = YES;
				CLANG_WARN_STRICT_PROTOTYPES = YES;
				CLANG_WARN_SUSPICIOUS_MOVE = YES;
				CLANG_WARN_UNGUARDED_AVAILABILITY = YES_AGGRESSIVE;
				CLANG_WARN_UNREACHABLE_CODE = YES;
				CLANG_WARN__DUPLICATE_METHOD_MATCH = YES;
				CODE_SIGN_IDENTITY = "iPhone Developer";
				COPY_PHASE_STRIP = NO;
				DEBUG_INFORMATION_FORMAT = "dwarf-with-dsym";
				ENABLE_NS_ASSERTIONS = NO;
				ENABLE_STRICT_OBJC_MSGSEND = YES;
				GCC_C_LANGUAGE_STANDARD = gnu11;
				GCC_NO_COMMON_BLOCKS = YES;
				GCC_WARN_64_TO_32_BIT_CONVERSION = YES;
				GCC_WARN_ABOUT_RETURN_TYPE = YES_ERROR;
				GCC_WARN_UNDECLARED_SELECTOR = YES;
				GCC_WARN_UNINITIALIZED_AUTOS = YES_AGGRESSIVE;
				GCC_WARN_UNUSED_FUNCTION = YES;
				GCC_WARN_UNUSED_VARIABLE = YES;
				IPHONEOS_DEPLOYMENT_TARGET = 12.1;
				MTL_ENABLE_DEBUG_INFO = NO;
				MTL_FAST_MATH = YES;
				SDKROOT = iphoneos;
				SWIFT_COMPILATION_MODE = wholemodule;
				SWIFT_OPTIMIZATION_LEVEL = "-O";
				VALIDATE_PRODUCT = YES;
			};
			name = Release;
		};
		E1E46FF221B7013F007776D6 /* Debug */ = {
			isa = XCBuildConfiguration;
			baseConfigurationReference = 72E06C41C8F5D67A2C76A7AC /* Pods-GameOfChats.debug.xcconfig */;
			buildSettings = {
				ASSETCATALOG_COMPILER_APPICON_NAME = AppIcon;
				CODE_SIGN_STYLE = Automatic;
				DEVELOPMENT_TEAM = 95W5RG93E4;
				INFOPLIST_FILE = GameOfChats/Info.plist;
				LD_RUNPATH_SEARCH_PATHS = (
					"$(inherited)",
					"@executable_path/Frameworks",
				);
				PRODUCT_BUNDLE_IDENTIFIER = com.mejia.GameOfChats;
				PRODUCT_NAME = "$(TARGET_NAME)";
				SWIFT_VERSION = 4.2;
				TARGETED_DEVICE_FAMILY = "1,2";
			};
			name = Debug;
		};
		E1E46FF321B7013F007776D6 /* Release */ = {
			isa = XCBuildConfiguration;
			baseConfigurationReference = E50DA8C62A40D1B24FA71B2C /* Pods-GameOfChats.release.xcconfig */;
			buildSettings = {
				ASSETCATALOG_COMPILER_APPICON_NAME = AppIcon;
				CODE_SIGN_STYLE = Automatic;
				DEVELOPMENT_TEAM = 95W5RG93E4;
				INFOPLIST_FILE = GameOfChats/Info.plist;
				LD_RUNPATH_SEARCH_PATHS = (
					"$(inherited)",
					"@executable_path/Frameworks",
				);
				PRODUCT_BUNDLE_IDENTIFIER = com.mejia.GameOfChats;
				PRODUCT_NAME = "$(TARGET_NAME)";
				SWIFT_VERSION = 4.2;
				TARGETED_DEVICE_FAMILY = "1,2";
			};
			name = Release;
		};
/* End XCBuildConfiguration section */

/* Begin XCConfigurationList section */
		E1E46FDA21B70116007776D6 /* Build configuration list for PBXProject "GameOfChats" */ = {
			isa = XCConfigurationList;
			buildConfigurations = (
				E1E46FEF21B7013F007776D6 /* Debug */,
				E1E46FF021B7013F007776D6 /* Release */,
			);
			defaultConfigurationIsVisible = 0;
			defaultConfigurationName = Release;
		};
		E1E46FF121B7013F007776D6 /* Build configuration list for PBXNativeTarget "GameOfChats" */ = {
			isa = XCConfigurationList;
			buildConfigurations = (
				E1E46FF221B7013F007776D6 /* Debug */,
				E1E46FF321B7013F007776D6 /* Release */,
			);
			defaultConfigurationIsVisible = 0;
			defaultConfigurationName = Release;
		};
/* End XCConfigurationList section */
	};
	rootObject = E1E46FD721B70116007776D6 /* Project object */;
}
